
Microsoft Visual Studio Solution File, Format Version 12.00
Project("{FAE04EC0-301F-11D3-BF4B-00C04F79EFBC}") = "DataStructures", "DataStructures\DataStructures.csproj", "{434464D0-84B6-4460-9197-293AF80EB1FC}"
EndProject
Project("{FAE04EC0-301F-11D3-BF4B-00C04F79EFBC}") = "DataStructure.Test", "DataStructure.Test\DataStructure.Test.csproj", "{3C5BBBF3-2F37-4169-95B8-C6659023E43D}"
EndProject
Project("{FAE04EC0-301F-11D3-BF4B-00C04F79EFBC}") = "DataStructures.Benchmarks", "DataStructures.Benchmarks\DataStructures.Benchmarks.csproj", "{1A2642D1-1613-41D2-BD51-417921455818}"
EndProject
Global
	GlobalSection(SolutionConfigurationPlatforms) = preSolution
		Debug|Any CPU = Debug|Any CPU
		Release|Any CPU = Release|Any CPU
	EndGlobalSection
	GlobalSection(ProjectConfigurationPlatforms) = postSolution
		{434464D0-84B6-4460-9197-293AF80EB1FC}.Debug|Any CPU.ActiveCfg = Debug|Any CPU
		{434464D0-84B6-4460-9197-293AF80EB1FC}.Debug|Any CPU.Build.0 = Debug|Any CPU
		{434464D0-84B6-4460-9197-293AF80EB1FC}.Release|Any CPU.ActiveCfg = Release|Any CPU
		{434464D0-84B6-4460-9197-293AF80EB1FC}.Release|Any CPU.Build.0 = Release|Any CPU
		{3C5BBBF3-2F37-4169-95B8-C6659023E43D}.Debug|Any CPU.ActiveCfg = Debug|Any CPU
		{3C5BBBF3-2F37-4169-95B8-C6659023E43D}.Debug|Any CPU.Build.0 = Debug|Any CPU
		{3C5BBBF3-2F37-4169-95B8-C6659023E43D}.Release|Any CPU.ActiveCfg = Release|Any CPU
		{3C5BBBF3-2F37-4169-95B8-C6659023E43D}.Release|Any CPU.Build.0 = Release|Any CPU
		{1A2642D1-1613-41D2-BD51-417921455818}.Debug|Any CPU.ActiveCfg = Debug|Any CPU
		{1A2642D1-1613-41D2-BD51-417921455818}.Debug|Any CPU.Build.0 = Debug|Any CPU
		{1A2642D1-1613-41D2-BD51-417921455818}.Release|Any CPU.ActiveCfg = Release|Any CPU
		{1A2642D1-1613-41D2-BD51-417921455818}.Release|Any CPU.Build.0 = Release|Any CPU
	EndGlobalSection
EndGlobal
